
Microsoft Visual Studio Solution File, Format Version 12.00
# Visual Studio Version 16
VisualStudioVersion = 16.0.29920.165
MinimumVisualStudioVersion = 10.0.40219.1
Project("{FAE04EC0-301F-11D3-BF4B-00C04F79EFBC}") = "AbstarctClassOrderProcessing", "AbstarctClassOrderProcessing.csproj", "{367DDE7F-07FC-42C4-BB56-B031AE998672}"
EndProject
Global
	GlobalSection(SolutionConfigurationPlatforms) = preSolution
		Debug|Any CPU = Debug|Any CPU
		Release|Any CPU = Release|Any CPU
	EndGlobalSection
	GlobalSection(ProjectConfigurationPlatforms) = postSolution
		{367DDE7F-07FC-42C4-BB56-B031AE998672}.Debug|Any CPU.ActiveCfg = Debug|Any CPU
		{367DDE7F-07FC-42C4-BB56-B031AE998672}.Debug|Any CPU.Build.0 = Debug|Any CPU
		{367DDE7F-07FC-42C4-BB56-B031AE998672}.Release|Any CPU.ActiveCfg = Release|Any CPU
		{367DDE7F-07FC-42C4-BB56-B031AE998672}.Release|Any CPU.Build.0 = Release|Any CPU
	EndGlobalSection
	GlobalSection(SolutionProperties) = preSolution
		HideSolutionNode = FALSE
	EndGlobalSection
	GlobalSection(ExtensibilityGlobals) = postSolution
		SolutionGuid = {EA27028F-C0BE-448D-B74E-DF1F667266B7}
	EndGlobalSection
EndGlobal
